
Microsoft Visual Studio Solution File, Format Version 12.00
# Visual Studio Version 17
VisualStudioVersion = 17.3.32929.385
MinimumVisualStudioVersion = 10.0.40219.1
Project("{FAE04EC0-301F-11D3-BF4B-00C04F79EFBC}") = "App_Server", "App_Server\App_Server.csproj", "{C86EB676-A057-4796-BE97-BBF5147B6E0B}"
EndProject
Global
	GlobalSection(SolutionConfigurationPlatforms) = preSolution
		Debug|Any CPU = Debug|Any CPU
		Release|Any CPU = Release|Any CPU
	EndGlobalSection
	GlobalSection(ProjectConfigurationPlatforms) = postSolution
		{C86EB676-A057-4796-BE97-BBF5147B6E0B}.Debug|Any CPU.ActiveCfg = Debug|Any CPU
		{C86EB676-A057-4796-BE97-BBF5147B6E0B}.Debug|Any CPU.Build.0 = Debug|Any CPU
		{C86EB676-A057-4796-BE97-BBF5147B6E0B}.Release|Any CPU.ActiveCfg = Release|Any CPU
		{C86EB676-A057-4796-BE97-BBF5147B6E0B}.Release|Any CPU.Build.0 = Release|Any CPU
	EndGlobalSection
	GlobalSection(SolutionProperties) = preSolution
		HideSolutionNode = FALSE
	EndGlobalSection
	GlobalSection(ExtensibilityGlobals) = postSolution
		SolutionGuid = {0975963E-F9F8-4AD6-97BE-1FD809B2B20A}
	EndGlobalSection
EndGlobal
